
Microsoft Visual Studio Solution File, Format Version 12.00
# Visual Studio Version 16
VisualStudioVersion = 16.0.33214.272
MinimumVisualStudioVersion = 10.0.40219.1
Project("{FAE04EC0-301F-11D3-BF4B-00C04F79EFBC}") = "WPF_Events", "WPF_Events\WPF_Events.csproj", "{08647D8A-5690-4FA2-9A8C-67CDF82B5B37}"
EndProject
Global
	GlobalSection(SolutionConfigurationPlatforms) = preSolution
		Debug|Any CPU = Debug|Any CPU
		Release|Any CPU = Release|Any CPU
	EndGlobalSection
	GlobalSection(ProjectConfigurationPlatforms) = postSolution
		{08647D8A-5690-4FA2-9A8C-67CDF82B5B37}.Debug|Any CPU.ActiveCfg = Debug|Any CPU
		{08647D8A-5690-4FA2-9A8C-67CDF82B5B37}.Debug|Any CPU.Build.0 = Debug|Any CPU
		{08647D8A-5690-4FA2-9A8C-67CDF82B5B37}.Release|Any CPU.ActiveCfg = Release|Any CPU
		{08647D8A-5690-4FA2-9A8C-67CDF82B5B37}.Release|Any CPU.Build.0 = Release|Any CPU
	EndGlobalSection
	GlobalSection(SolutionProperties) = preSolution
		HideSolutionNode = FALSE
	EndGlobalSection
	GlobalSection(ExtensibilityGlobals) = postSolution
		SolutionGuid = {63A70617-F538-44DC-9B4E-55F89263D83E}
	EndGlobalSection
EndGlobal
